
Microsoft Visual Studio Solution File, Format Version 12.00
# Visual Studio Version 17
VisualStudioVersion = 17.5.002.0
MinimumVisualStudioVersion = 10.0.40219.1
Project("{2150E333-8FDC-42A3-9474-1A3956D46DE8}") = "sandbox", "sandbox", "{C8E2C7BD-7ABB-4BCD-A13F-712B3EF85DA7}"
EndProject
Project("{9A19103F-16F7-4668-BE54-9A1E7A4F7556}") = "sandbox_project", "sandbox\sandbox_project\sandbox_project.csproj", "{FD0C53F0-6A5F-4177-904F-706127A2BF2E}"
EndProject
Project("{2150E333-8FDC-42A3-9474-1A3956D46DE8}") = "week01", "week01", "{B09284E2-CCDD-4BA5-986A-9FB2B2FABC64}"
EndProject
Project("{9A19103F-16F7-4668-BE54-9A1E7A4F7556}") = "analyze", "week01\analyze\analyze.csproj", "{6AC26BDE-0004-426C-8B2C-471494923ECD}"
EndProject
Project("{9A19103F-16F7-4668-BE54-9A1E7A4F7556}") = "code", "week01\code\code.csproj", "{0433871C-27CD-460C-A4B0-931FA15018E8}"
EndProject
Project("{9A19103F-16F7-4668-BE54-9A1E7A4F7556}") = "teach", "week01\teach\teach.csproj", "{EC1FEE70-5478-4FA8-AE07-F8D8D308AC0D}"
EndProject
Project("{2150E333-8FDC-42A3-9474-1A3956D46DE8}") = "week02", "week02", "{37B63776-2387-4EE6-B513-91141FBB03E0}"
EndProject
Project("{9A19103F-16F7-4668-BE54-9A1E7A4F7556}") = "analyze", "week02\analyze\analyze.csproj", "{359528AD-C5EF-4289-B683-11A6C34523E9}"
EndProject
Project("{9A19103F-16F7-4668-BE54-9A1E7A4F7556}") = "code", "week02\code\code.csproj", "{95981D33-680E-42E4-A9B3-5FF8A383DBA5}"
EndProject
Project("{9A19103F-16F7-4668-BE54-9A1E7A4F7556}") = "learn", "week02\learn\learn.csproj", "{436924BA-DAEC-46FF-881A-E8A2F509BFDB}"
EndProject
Project("{9A19103F-16F7-4668-BE54-9A1E7A4F7556}") = "teach", "week02\teach\teach.csproj", "{42D0B676-9DE0-45E5-B644-60DB897903AB}"
EndProject
Project("{2150E333-8FDC-42A3-9474-1A3956D46DE8}") = "week03", "week03", "{D0335EAA-3997-4EDA-ACEA-38D523E4AC4E}"
EndProject
Project("{9A19103F-16F7-4668-BE54-9A1E7A4F7556}") = "code", "week03\code\code.csproj", "{8BEF659C-1DD7-439F-BE5D-2054A1829BC9}"
EndProject
Project("{9A19103F-16F7-4668-BE54-9A1E7A4F7556}") = "learn", "week03\learn\learn.csproj", "{DC48EB01-5A23-4717-89EA-AA657F63C3CB}"
EndProject
Project("{9A19103F-16F7-4668-BE54-9A1E7A4F7556}") = "teach", "week03\teach\teach.csproj", "{8B895FDF-CC19-4459-8663-587E3FE28F20}"
EndProject
Project("{2150E333-8FDC-42A3-9474-1A3956D46DE8}") = "week04", "week04", "{5555F0B1-E43D-4504-B852-0F715DF285D5}"
EndProject
Project("{9A19103F-16F7-4668-BE54-9A1E7A4F7556}") = "code", "week04\code\code.csproj", "{2D193D30-5CC5-4066-AD17-D5C63571A14F}"
EndProject
Project("{2150E333-8FDC-42A3-9474-1A3956D46DE8}") = "week05", "week05", "{ED6EFEE5-5654-44F7-9460-291C1E2C171E}"
EndProject
Project("{9A19103F-16F7-4668-BE54-9A1E7A4F7556}") = "code", "week05\code\code.csproj", "{F79CEE70-728C-4409-AD25-848685EF578E}"
EndProject
Project("{2150E333-8FDC-42A3-9474-1A3956D46DE8}") = "week06", "week06", "{8343AAFA-B838-46B7-B7E3-333F77931557}"
EndProject
Project("{9A19103F-16F7-4668-BE54-9A1E7A4F7556}") = "code", "week06\code\code.csproj", "{0457232F-AA15-4239-BB9A-AD3142BD8224}"
EndProject
Global
	GlobalSection(SolutionConfigurationPlatforms) = preSolution
		Debug|Any CPU = Debug|Any CPU
		Release|Any CPU = Release|Any CPU
	EndGlobalSection
	GlobalSection(ProjectConfigurationPlatforms) = postSolution
		{FD0C53F0-6A5F-4177-904F-706127A2BF2E}.Debug|Any CPU.ActiveCfg = Debug|Any CPU
		{FD0C53F0-6A5F-4177-904F-706127A2BF2E}.Debug|Any CPU.Build.0 = Debug|Any CPU
		{FD0C53F0-6A5F-4177-904F-706127A2BF2E}.Release|Any CPU.ActiveCfg = Release|Any CPU
		{FD0C53F0-6A5F-4177-904F-706127A2BF2E}.Release|Any CPU.Build.0 = Release|Any CPU
		{6AC26BDE-0004-426C-8B2C-471494923ECD}.Debug|Any CPU.ActiveCfg = Debug|Any CPU
		{6AC26BDE-0004-426C-8B2C-471494923ECD}.Debug|Any CPU.Build.0 = Debug|Any CPU
		{6AC26BDE-0004-426C-8B2C-471494923ECD}.Release|Any CPU.ActiveCfg = Release|Any CPU
		{6AC26BDE-0004-426C-8B2C-471494923ECD}.Release|Any CPU.Build.0 = Release|Any CPU
		{0433871C-27CD-460C-A4B0-931FA15018E8}.Debug|Any CPU.ActiveCfg = Debug|Any CPU
		{0433871C-27CD-460C-A4B0-931FA15018E8}.Debug|Any CPU.Build.0 = Debug|Any CPU
		{0433871C-27CD-460C-A4B0-931FA15018E8}.Release|Any CPU.ActiveCfg = Release|Any CPU
		{0433871C-27CD-460C-A4B0-931FA15018E8}.Release|Any CPU.Build.0 = Release|Any CPU
		{EC1FEE70-5478-4FA8-AE07-F8D8D308AC0D}.Debug|Any CPU.ActiveCfg = Debug|Any CPU
		{EC1FEE70-5478-4FA8-AE07-F8D8D308AC0D}.Debug|Any CPU.Build.0 = Debug|Any CPU
		{EC1FEE70-5478-4FA8-AE07-F8D8D308AC0D}.Release|Any CPU.ActiveCfg = Release|Any CPU
		{EC1FEE70-5478-4FA8-AE07-F8D8D308AC0D}.Release|Any CPU.Build.0 = Release|Any CPU
		{359528AD-C5EF-4289-B683-11A6C34523E9}.Debug|Any CPU.ActiveCfg = Debug|Any CPU
		{359528AD-C5EF-4289-B683-11A6C34523E9}.Debug|Any CPU.Build.0 = Debug|Any CPU
		{359528AD-C5EF-4289-B683-11A6C34523E9}.Release|Any CPU.ActiveCfg = Release|Any CPU
		{359528AD-C5EF-4289-B683-11A6C34523E9}.Release|Any CPU.Build.0 = Release|Any CPU
		{95981D33-680E-42E4-A9B3-5FF8A383DBA5}.Debug|Any CPU.ActiveCfg = Debug|Any CPU
		{95981D33-680E-42E4-A9B3-5FF8A383DBA5}.Debug|Any CPU.Build.0 = Debug|Any CPU
		{95981D33-680E-42E4-A9B3-5FF8A383DBA5}.Release|Any CPU.ActiveCfg = Release|Any CPU
		{95981D33-680E-42E4-A9B3-5FF8A383DBA5}.Release|Any CPU.Build.0 = Release|Any CPU
		{436924BA-DAEC-46FF-881A-E8A2F509BFDB}.Debug|Any CPU.ActiveCfg = Debug|Any CPU
		{436924BA-DAEC-46FF-881A-E8A2F509BFDB}.Debug|Any CPU.Build.0 = Debug|Any CPU
		{436924BA-DAEC-46FF-881A-E8A2F509BFDB}.Release|Any CPU.ActiveCfg = Release|Any CPU
		{436924BA-DAEC-46FF-881A-E8A2F509BFDB}.Release|Any CPU.Build.0 = Release|Any CPU
		{42D0B676-9DE0-45E5-B644-60DB897903AB}.Debug|Any CPU.ActiveCfg = Debug|Any CPU
		{42D0B676-9DE0-45E5-B644-60DB897903AB}.Debug|Any CPU.Build.0 = Debug|Any CPU
		{42D0B676-9DE0-45E5-B644-60DB897903AB}.Release|Any CPU.ActiveCfg = Release|Any CPU
		{42D0B676-9DE0-45E5-B644-60DB897903AB}.Release|Any CPU.Build.0 = Release|Any CPU
		{8BEF659C-1DD7-439F-BE5D-2054A1829BC9}.Debug|Any CPU.ActiveCfg = Debug|Any CPU
		{8BEF659C-1DD7-439F-BE5D-2054A1829BC9}.Debug|Any CPU.Build.0 = Debug|Any CPU
		{8BEF659C-1DD7-439F-BE5D-2054A1829BC9}.Release|Any CPU.ActiveCfg = Release|Any CPU
		{8BEF659C-1DD7-439F-BE5D-2054A1829BC9}.Release|Any CPU.Build.0 = Release|Any CPU
		{DC48EB01-5A23-4717-89EA-AA657F63C3CB}.Debug|Any CPU.ActiveCfg = Debug|Any CPU
		{DC48EB01-5A23-4717-89EA-AA657F63C3CB}.Debug|Any CPU.Build.0 = Debug|Any CPU
		{DC48EB01-5A23-4717-89EA-AA657F63C3CB}.Release|Any CPU.ActiveCfg = Release|Any CPU
		{DC48EB01-5A23-4717-89EA-AA657F63C3CB}.Release|Any CPU.Build.0 = Release|Any CPU
		{8B895FDF-CC19-4459-8663-587E3FE28F20}.Debug|Any CPU.ActiveCfg = Debug|Any CPU
		{8B895FDF-CC19-4459-8663-587E3FE28F20}.Debug|Any CPU.Build.0 = Debug|Any CPU
		{8B895FDF-CC19-4459-8663-587E3FE28F20}.Release|Any CPU.ActiveCfg = Release|Any CPU
		{8B895FDF-CC19-4459-8663-587E3FE28F20}.Release|Any CPU.Build.0 = Release|Any CPU
		{2D193D30-5CC5-4066-AD17-D5C63571A14F}.Debug|Any CPU.ActiveCfg = Debug|Any CPU
		{2D193D30-5CC5-4066-AD17-D5C63571A14F}.Debug|Any CPU.Build.0 = Debug|Any CPU
		{2D193D30-5CC5-4066-AD17-D5C63571A14F}.Release|Any CPU.ActiveCfg = Release|Any CPU
		{2D193D30-5CC5-4066-AD17-D5C63571A14F}.Release|Any CPU.Build.0 = Release|Any CPU
		{F79CEE70-728C-4409-AD25-848685EF578E}.Debug|Any CPU.ActiveCfg = Debug|Any CPU
		{F79CEE70-728C-4409-AD25-848685EF578E}.Debug|Any CPU.Build.0 = Debug|Any CPU
		{F79CEE70-728C-4409-AD25-848685EF578E}.Release|Any CPU.ActiveCfg = Release|Any CPU
		{F79CEE70-728C-4409-AD25-848685EF578E}.Release|Any CPU.Build.0 = Release|Any CPU
		{0457232F-AA15-4239-BB9A-AD3142BD8224}.Debug|Any CPU.ActiveCfg = Debug|Any CPU
		{0457232F-AA15-4239-BB9A-AD3142BD8224}.Debug|Any CPU.Build.0 = Debug|Any CPU
		{0457232F-AA15-4239-BB9A-AD3142BD8224}.Release|Any CPU.ActiveCfg = Release|Any CPU
		{0457232F-AA15-4239-BB9A-AD3142BD8224}.Release|Any CPU.Build.0 = Release|Any CPU
	EndGlobalSection
	GlobalSection(SolutionProperties) = preSolution
		HideSolutionNode = FALSE
	EndGlobalSection
	GlobalSection(NestedProjects) = preSolution
		{FD0C53F0-6A5F-4177-904F-706127A2BF2E} = {C8E2C7BD-7ABB-4BCD-A13F-712B3EF85DA7}
		{6AC26BDE-0004-426C-8B2C-471494923ECD} = {B09284E2-CCDD-4BA5-986A-9FB2B2FABC64}
		{0433871C-27CD-460C-A4B0-931FA15018E8} = {B09284E2-CCDD-4BA5-986A-9FB2B2FABC64}
		{EC1FEE70-5478-4FA8-AE07-F8D8D308AC0D} = {B09284E2-CCDD-4BA5-986A-9FB2B2FABC64}
		{359528AD-C5EF-4289-B683-11A6C34523E9} = {37B63776-2387-4EE6-B513-91141FBB03E0}
		{95981D33-680E-42E4-A9B3-5FF8A383DBA5} = {37B63776-2387-4EE6-B513-91141FBB03E0}
		{436924BA-DAEC-46FF-881A-E8A2F509BFDB} = {37B63776-2387-4EE6-B513-91141FBB03E0}
		{42D0B676-9DE0-45E5-B644-60DB897903AB} = {37B63776-2387-4EE6-B513-91141FBB03E0}
		{8BEF659C-1DD7-439F-BE5D-2054A1829BC9} = {D0335EAA-3997-4EDA-ACEA-38D523E4AC4E}
		{DC48EB01-5A23-4717-89EA-AA657F63C3CB} = {D0335EAA-3997-4EDA-ACEA-38D523E4AC4E}
		{8B895FDF-CC19-4459-8663-587E3FE28F20} = {D0335EAA-3997-4EDA-ACEA-38D523E4AC4E}
		{2D193D30-5CC5-4066-AD17-D5C63571A14F} = {5555F0B1-E43D-4504-B852-0F715DF285D5}
		{F79CEE70-728C-4409-AD25-848685EF578E} = {ED6EFEE5-5654-44F7-9460-291C1E2C171E}
		{0457232F-AA15-4239-BB9A-AD3142BD8224} = {8343AAFA-B838-46B7-B7E3-333F77931557}
	EndGlobalSection
	GlobalSection(ExtensibilityGlobals) = postSolution
		SolutionGuid = {4647B035-8098-4DBE-9169-2F649CFB8B51}
	EndGlobalSection
EndGlobal
